<?xml version="1.0" encoding="utf-8"?>
<Project ToolsVersion="4.0" xmlns="http://schemas.microsoft.com/developer/msbuild/2003">
  <ItemGroup>
    <Filter Include="Source Files">
      <UniqueIdentifier>{4FC737F1-C7A5-4376-A066-2A32D752A2FF}</UniqueIdentifier>
      <Extensions>cpp;c;cc;cxx;c++;cppm;ixx;def;odl;idl;hpj;bat;asm;asmx</Extensions>
    </Filter>
    <Filter Include="Header Files">
      <UniqueIdentifier>{93995380-89BD-4b04-88EB-625FBE52EBFB}</UniqueIdentifier>
      <Extensions>h;hh;hpp;hxx;h++;hm;inl;inc;ipp;xsd</Extensions>
    </Filter>
    <Filter Include="Resource Files">
      <UniqueIdentifier>{67DA6AB6-F800-4c08-8B7A-83BB121AAD01}</UniqueIdentifier>
      <Extensions>rc;ico;cur;bmp;dlg;rc2;rct;bin;rgs;gif;jpg;jpeg;jpe;resx;tiff;tif;png;wav;mfcribbon-ms</Extensions>
    </Filter>
  </ItemGroup>
  <ItemGroup>
    <ClCompile Include="AudioIn.cpp">
      <Filter>Source Files</Filter>
    </ClCompile>
    <ClCompile Include="AudioMix.cpp">
      <Filter>Source Files</Filter>
    </ClCompile>
    <ClCompile Include="AudioOut.cpp">
      <Filter>Source Files</Filter>
    </ClCompile>
    <ClCompile Include="Helpers\Dice.cpp">
      <Filter>Source Files</Filter>
    </ClCompile>
    <ClCompile Include="DX11.cpp">
      <Filter>Source Files</Filter>
    </ClCompile>
    <ClCompile Include="ParsecSession.cpp">
      <Filter>Source Files</Filter>
    </ClCompile>
    <ClCompile Include="StressTest.cpp">
      <Filter>Source Files</Filter>
    </ClCompile>
    <ClCompile Include="Helpers\Stringer.cpp">
      <Filter>Source Files</Filter>
    </ClCompile>
    <ClCompile Include="Helpers\Utils.cpp">
      <Filter>Source Files</Filter>
    </ClCompile>
    <ClCompile Include="GamepadClient.cpp">
      <Filter>Source Files</Filter>
    </ClCompile>
    <ClCompile Include="AGamepad.cpp">
      <Filter>Source Files</Filter>
    </ClCompile>
    <ClCompile Include="Lists\BanList.cpp">
      <Filter>Source Files</Filter>
    </ClCompile>
    <ClCompile Include="Models\GuestData.cpp">
      <Filter>Source Files</Filter>
    </ClCompile>
    <ClCompile Include="Helpers\Bitwise.cpp">
      <Filter>Source Files</Filter>
    </ClCompile>
    <ClCompile Include="ImGui\imgui.cpp">
      <Filter>Source Files</Filter>
    </ClCompile>
    <ClCompile Include="ImGui\imgui_demo.cpp">
      <Filter>Source Files</Filter>
    </ClCompile>
    <ClCompile Include="ImGui\imgui_draw.cpp">
      <Filter>Source Files</Filter>
    </ClCompile>
    <ClCompile Include="ImGui\imgui_tables.cpp">
      <Filter>Source Files</Filter>
    </ClCompile>
    <ClCompile Include="ImGui\imgui_widgets.cpp">
      <Filter>Source Files</Filter>
    </ClCompile>
    <ClCompile Include="ImGui\imgui_impl_dx11.cpp">
      <Filter>Source Files</Filter>
    </ClCompile>
    <ClCompile Include="Main.cpp">
      <Filter>Source Files</Filter>
    </ClCompile>
    <ClCompile Include="ImGui\imgui_impl_win32.cpp">
      <Filter>Source Files</Filter>
    </ClCompile>
    <ClCompile Include="Guest.cpp">
      <Filter>Source Files</Filter>
    </ClCompile>
    <ClCompile Include="GuestList.cpp">
      <Filter>Source Files</Filter>
    </ClCompile>
    <ClCompile Include="Hosting.cpp">
      <Filter>Source Files</Filter>
    </ClCompile>
    <ClCompile Include="Widgets\ToggleIconButtonWidget.cpp">
      <Filter>Source Files</Filter>
    </ClCompile>
    <ClCompile Include="Widgets\HostSettingsWidget.cpp">
      <Filter>Source Files</Filter>
    </ClCompile>
    <ClCompile Include="Texture.cpp">
      <Filter>Source Files</Filter>
    </ClCompile>
    <ClCompile Include="Globals\AppIcons.cpp">
      <Filter>Source Files</Filter>
    </ClCompile>
    <ClCompile Include="Widgets\ChatWidget.cpp">
      <Filter>Source Files</Filter>
    </ClCompile>
    <ClCompile Include="Globals\AppFonts.cpp">
      <Filter>Source Files</Filter>
    </ClCompile>
    <ClCompile Include="Globals\AppColors.cpp">
      <Filter>Source Files</Filter>
    </ClCompile>
    <ClCompile Include="Globals\AppStyle.cpp">
      <Filter>Source Files</Filter>
    </ClCompile>
    <ClCompile Include="Widgets\TooltipWidget.cpp">
      <Filter>Source Files</Filter>
    </ClCompile>
    <ClCompile Include="Widgets\ConfirmPopupWidget.cpp">
      <Filter>Source Files</Filter>
    </ClCompile>
    <ClCompile Include="ChatLog.cpp">
      <Filter>Source Files</Filter>
    </ClCompile>
    <ClCompile Include="Widgets\LogWidget.cpp">
      <Filter>Source Files</Filter>
    </ClCompile>
    <ClCompile Include="Widgets\GuestListWidget.cpp">
      <Filter>Source Files</Filter>
    </ClCompile>
    <ClCompile Include="Widgets\GamepadsWidget.cpp">
      <Filter>Source Files</Filter>
    </ClCompile>
    <ClCompile Include="Widgets\IconButton.cpp">
      <Filter>Source Files</Filter>
    </ClCompile>
    <ClCompile Include="Widgets\StylePickerWidget.cpp">
      <Filter>Source Files</Filter>
    </ClCompile>
    <ClCompile Include="GuestDevice.cpp">
      <Filter>Source Files</Filter>
    </ClCompile>
    <ClCompile Include="Widgets\TitleTooltipWidget.cpp">
      <Filter>Source Files</Filter>
    </ClCompile>
    <ClCompile Include="Widgets\IntRangeWidget.cpp">
      <Filter>Source Files</Filter>
    </ClCompile>
    <ClCompile Include="Widgets\BoolButtonWidget.cpp">
      <Filter>Source Files</Filter>
    </ClCompile>
    <ClCompile Include="Widgets\AudioControlWidget.cpp">
      <Filter>Source Files</Filter>
    </ClCompile>
    <ClCompile Include="Lists\SFXList.cpp">
      <Filter>Source Files</Filter>
    </ClCompile>
    <ClCompile Include="Widgets\NavBar.cpp">
      <Filter>Source Files</Filter>
    </ClCompile>
    <ClCompile Include="Widgets\LoginWidget.cpp">
      <Filter>Source Files</Filter>
    </ClCompile>
    <ClCompile Include="Widgets\LoadingRingWidget.cpp">
      <Filter>Source Files</Filter>
    </ClCompile>
    <ClCompile Include="Widgets\AlertWidget.cpp">
      <Filter>Source Files</Filter>
    </ClCompile>
    <ClCompile Include="Widgets\AudioSettingsWidget.cpp">
      <Filter>Source Files</Filter>
    </ClCompile>
    <ClCompile Include="GuestDataList.cpp">
      <Filter>Source Files</Filter>
    </ClCompile>
    <ClCompile Include="Widgets\HostInfoWidget.cpp">
      <Filter>Source Files</Filter>
    </ClCompile>
    <ClCompile Include="Lists\TierList.cpp">
      <Filter>Source Files</Filter>
    </ClCompile>
    <ClCompile Include="Frequency.cpp">
      <Filter>Source Files</Filter>
    </ClCompile>
    <ClCompile Include="Widgets\InfoWidget.cpp">
      <Filter>Source Files</Filter>
    </ClCompile>
    <ClCompile Include="Widgets\VersionWidget.cpp">
      <Filter>Source Files</Filter>
    </ClCompile>
    <ClCompile Include="Widgets\VideoWidget.cpp">
      <Filter>Source Files</Filter>
    </ClCompile>
    <ClCompile Include="Helpers\Stopwatch.cpp">
      <Filter>Source Files</Filter>
    </ClCompile>
    <ClCompile Include="Helpers\Debouncer.cpp">
      <Filter>Source Files</Filter>
    </ClCompile>
    <ClCompile Include="Widgets\AnimatedGamepadWidget.cpp">
      <Filter>Source Files</Filter>
    </ClCompile>
    <ClCompile Include="Helpers\Clock.cpp">
      <Filter>Source Files</Filter>
    </ClCompile>
    <ClCompile Include="Widgets\ProgressCircularWidget.cpp">
      <Filter>Source Files</Filter>
    </ClCompile>
    <ClCompile Include="Widgets\Vec2.cpp">
      <Filter>Source Files</Filter>
    </ClCompile>
    <ClCompile Include="Helpers\Timespan.cpp">
      <Filter>Source Files</Filter>
    </ClCompile>
    <ClCompile Include="Chatbot\Commands\Guest\CommandBonk.cpp">
      <Filter>Source Files</Filter>
    </ClCompile>
    <ClCompile Include="Widgets\MasterOfPuppetsWidget.cpp">
      <Filter>Source Files</Filter>
    </ClCompile>
    <ClCompile Include="XInputReader.cpp">
      <Filter>Source Files</Filter>
    </ClCompile>
    <ClCompile Include="GamepadState.cpp">
      <Filter>Source Files</Filter>
    </ClCompile>
    <ClCompile Include="SDLGamepadReader.cpp">
      <Filter>Source Files</Filter>
    </ClCompile>
    <ClCompile Include="SDLGamepad.cpp">
      <Filter>Source Files</Filter>
    </ClCompile>
    <ClCompile Include="MasterOfPuppets.cpp">
      <Filter>Source Files</Filter>
    </ClCompile>
    <ClCompile Include="Widgets\VirtualGamepadWidget.cpp">
      <Filter>Source Files</Filter>
    </ClCompile>
    <ClCompile Include="DualshockGamepad.cpp">
      <Filter>Source Files</Filter>
    </ClCompile>
    <ClCompile Include="XBoxGamepad.cpp">
      <Filter>Source Files</Filter>
    </ClCompile>
    <ClCompile Include="Widgets\PopupWidgetEdit.cpp">
      <Filter>Source Files</Filter>
    </ClCompile>
    <ClCompile Include="Widgets\SettingsWidget.cpp">
      <Filter>Source Files</Filter>
    </ClCompile>
    <ClCompile Include="Widgets\ButtonLockWidget.cpp">
      <Filter>Source Files</Filter>
    </ClCompile>
    <ClCompile Include="Lists\ModList.cpp">
      <Filter>Source Files</Filter>
    </ClCompile>
    <ClCompile Include="Widgets\LibraryWidget.cpp">
      <Filter>Source Files</Filter>
    </ClCompile>
    <ClCompile Include="GameData.cpp">
      <Filter>Source Files</Filter>
    </ClCompile>
    <ClCompile Include="Lists\GameDataList.cpp">
      <Filter>Source Files</Filter>
    </ClCompile>
    <ClCompile Include="Lists\VIPList.cpp">
      <Filter>Source Files</Filter>
    </ClCompile>
    <ClCompile Include="controllers\Hotseat.cpp">
      <Filter>Source Files</Filter>
    </ClCompile>
    <ClCompile Include="controllers\Macro.cpp">
      <Filter>Source Files</Filter>
    </ClCompile>
    <ClCompile Include="Widgets\OverlayWidget.cpp">
      <Filter>Source Files</Filter>
    </ClCompile>
    <ClCompile Include="controllers\ProcessMan.cpp">
      <Filter>Source Files</Filter>
    </ClCompile>
    <ClCompile Include="Widgets\HotseatWidget.cpp">
      <Filter>Source Files</Filter>
    </ClCompile>
    <ClCompile Include="KeyboardMapsUtil.cpp">
      <Filter>Source Files</Filter>
    </ClCompile>
    <ClCompile Include="Widgets\KeyboardMapWidget.cpp">
      <Filter>Source Files</Filter>
    </ClCompile>
    <ClCompile Include="Core\Config.cpp">
      <Filter>Source Files</Filter>
    </ClCompile>
    <ClCompile Include="controllers\AutoMod.cpp">
      <Filter>Source Files</Filter>
    </ClCompile>
    <ClCompile Include="Helpers\StopwatchTimer.cpp">
      <Filter>Source Files</Filter>
    </ClCompile>
    <ClCompile Include="controllers\Arcade.cpp">
      <Filter>Source Files</Filter>
    </ClCompile>
    <ClCompile Include="Lists\VerifiedList.cpp">
      <Filter>Source Files</Filter>
    </ClCompile>
    <ClCompile Include="Core\Cache.cpp">
      <Filter>Source Files</Filter>
    </ClCompile>
    <ClCompile Include="Helpers\PathHelper.cpp">
      <Filter>Source Files</Filter>
    </ClCompile>
    <ClCompile Include="controllers\WebSocket.cpp">
      <Filter>Source Files</Filter>
    </ClCompile>
    <ClCompile Include="Chatbot\ChatBotCustom.cpp">
      <Filter>Source Files</Filter>
    </ClCompile>
    <ClCompile Include="AudioSource.cpp">
      <Filter>Source Files</Filter>
    </ClCompile>
    <ClCompile Include="ImGui\implot.cpp">
      <Filter>Source Files</Filter>
    </ClCompile>
    <ClCompile Include="ImGui\implot_demo.cpp">
      <Filter>Source Files</Filter>
    </ClCompile>
    <ClCompile Include="ImGui\implot_items.cpp">
      <Filter>Source Files</Filter>
    </ClCompile>
    <ClCompile Include="Chatbot\ChatBot.cpp">
      <Filter>Source Files</Filter>
    </ClCompile>
    <ClCompile Include="Widgets\DeveloperWidget.cpp">
      <Filter>Source Files</Filter>
    </ClCompile>
    <ClCompile Include="widgets\Widget.cpp">
      <Filter>Source Files</Filter>
    </ClCompile>
    <ClCompile Include="widgets\BackgroundWidget.cpp">
      <Filter>Source Files</Filter>
    </ClCompile>
    <ClCompile Include="widgets\StreamingWidget.cpp">
      <Filter>Source Files</Filter>
    </ClCompile>
    <ClCompile Include="controllers\StreamHandler.cpp">
      <Filter>Source Files</Filter>
    </ClCompile>
  </ItemGroup>
  <ItemGroup>
    <ClInclude Include="AudioIn.h">
      <Filter>Header Files</Filter>
    </ClInclude>
    <ClInclude Include="AudioMix.h">
      <Filter>Header Files</Filter>
    </ClInclude>
    <ClInclude Include="AudioOut.h">
      <Filter>Header Files</Filter>
    </ClInclude>
    <ClInclude Include="Chatbot\ChatBot.h">
      <Filter>Header Files</Filter>
    </ClInclude>
    <ClInclude Include="Helpers\Dice.h">
      <Filter>Header Files</Filter>
    </ClInclude>
    <ClInclude Include="DX11.h">
      <Filter>Header Files</Filter>
    </ClInclude>
    <ClInclude Include="ParsecSession.h">
      <Filter>Header Files</Filter>
    </ClInclude>
    <ClInclude Include="StressTest.h">
      <Filter>Header Files</Filter>
    </ClInclude>
    <ClInclude Include="Helpers\Stringer.h">
      <Filter>Header Files</Filter>
    </ClInclude>
    <ClInclude Include="Helpers\Utils.h">
      <Filter>Header Files</Filter>
    </ClInclude>
    <ClInclude Include="GamepadClient.h">
      <Filter>Header Files</Filter>
    </ClInclude>
    <ClInclude Include="AGamepad.h">
      <Filter>Header Files</Filter>
    </ClInclude>
    <ClInclude Include="Lists\BanList.h">
      <Filter>Header Files</Filter>
    </ClInclude>
    <ClInclude Include="Chatbot\ACommand.h">
      <Filter>Header Files</Filter>
    </ClInclude>
    <ClInclude Include="Models\GuestData.h">
      <Filter>Header Files</Filter>
    </ClInclude>
    <ClInclude Include="Chatbot\Commands\Guest\CommandHelp.h">
      <Filter>Header Files</Filter>
    </ClInclude>
    <ClInclude Include="Chatbot\Commands\Mod\CommandVideoFix.h">
      <Filter>Header Files</Filter>
    </ClInclude>
    <ClInclude Include="Chatbot\Commands\God\CommandQuit.h">
      <Filter>Header Files</Filter>
    </ClInclude>
    <ClInclude Include="Chatbot\Commands\Guest\CommandBonk.h">
      <Filter>Header Files</Filter>
    </ClInclude>
    <ClInclude Include="Chatbot\Commands\Mod\CommandName.h">
      <Filter>Header Files</Filter>
    </ClInclude>
    <ClInclude Include="Chatbot\Commands\God\CommandSpeakers.h">
      <Filter>Header Files</Filter>
    </ClInclude>
    <ClInclude Include="Chatbot\Commands\God\CommandPrivate.h">
      <Filter>Header Files</Filter>
    </ClInclude>
    <ClInclude Include="Chatbot\Commands\God\CommandPublic.h">
      <Filter>Header Files</Filter>
    </ClInclude>
    <ClInclude Include="Chatbot\Commands\Mod\CommandBan.h">
      <Filter>Header Files</Filter>
    </ClInclude>
    <ClInclude Include="Helpers\Bitwise.h">
      <Filter>Header Files</Filter>
    </ClInclude>
    <ClInclude Include="Chatbot\Commands\Guest\CommandMirror.h">
      <Filter>Header Files</Filter>
    </ClInclude>
    <ClInclude Include="Chatbot\Commands\Guest\CommandPads.h">
      <Filter>Header Files</Filter>
    </ClInclude>
    <ClInclude Include="Chatbot\Commands\Guest\CommandSwap.h">
      <Filter>Header Files</Filter>
    </ClInclude>
    <ClInclude Include="KeyboardMaps.h">
      <Filter>Header Files</Filter>
    </ClInclude>
    <ClInclude Include="ImGui\imconfig.h">
      <Filter>Header Files</Filter>
    </ClInclude>
    <ClInclude Include="ImGui\imgui.h">
      <Filter>Header Files</Filter>
    </ClInclude>
    <ClInclude Include="ImGui\imgui_internal.h">
      <Filter>Header Files</Filter>
    </ClInclude>
    <ClInclude Include="ImGui\imstb_rectpack.h">
      <Filter>Header Files</Filter>
    </ClInclude>
    <ClInclude Include="ImGui\imstb_textedit.h">
      <Filter>Header Files</Filter>
    </ClInclude>
    <ClInclude Include="ImGui\imstb_truetype.h">
      <Filter>Header Files</Filter>
    </ClInclude>
    <ClInclude Include="ImGui\imgui_impl_dx11.h">
      <Filter>Header Files</Filter>
    </ClInclude>
    <ClInclude Include="ImGui\imgui_impl_win32.h">
      <Filter>Header Files</Filter>
    </ClInclude>
    <ClInclude Include="Guest.h">
      <Filter>Header Files</Filter>
    </ClInclude>
    <ClInclude Include="GuestList.h">
      <Filter>Header Files</Filter>
    </ClInclude>
    <ClInclude Include="Hosting.h">
      <Filter>Header Files</Filter>
    </ClInclude>
    <ClInclude Include="resource.h">
      <Filter>Header Files</Filter>
    </ClInclude>
    <ClInclude Include="ImGui\imgui_colors.h">
      <Filter>Header Files</Filter>
    </ClInclude>
    <ClInclude Include="stb_image.h">
      <Filter>Header Files</Filter>
    </ClInclude>
    <ClInclude Include="Widgets\ToggleIconButtonWidget.h">
      <Filter>Header Files</Filter>
    </ClInclude>
    <ClInclude Include="Widgets\HostSettingsWidget.h">
      <Filter>Header Files</Filter>
    </ClInclude>
    <ClInclude Include="Texture.h">
      <Filter>Header Files</Filter>
    </ClInclude>
    <ClInclude Include="Globals\AppIcons.h">
      <Filter>Header Files</Filter>
    </ClInclude>
    <ClInclude Include="Widgets\ChatWidget.h">
      <Filter>Header Files</Filter>
    </ClInclude>
    <ClInclude Include="Globals\AppFonts.h">
      <Filter>Header Files</Filter>
    </ClInclude>
    <ClInclude Include="Globals\AppColors.h">
      <Filter>Header Files</Filter>
    </ClInclude>
    <ClInclude Include="Globals\AppStyle.h">
      <Filter>Header Files</Filter>
    </ClInclude>
    <ClInclude Include="Widgets\TooltipWidget.h">
      <Filter>Header Files</Filter>
    </ClInclude>
    <ClInclude Include="Widgets\ConfirmPopupWidget.h">
      <Filter>Header Files</Filter>
    </ClInclude>
    <ClInclude Include="ChatLog.h">
      <Filter>Header Files</Filter>
    </ClInclude>
    <ClInclude Include="Widgets\LogWidget.h">
      <Filter>Header Files</Filter>
    </ClInclude>
    <ClInclude Include="Widgets\GuestListWidget.h">
      <Filter>Header Files</Filter>
    </ClInclude>
    <ClInclude Include="Widgets\GamepadsWidget.h">
      <Filter>Header Files</Filter>
    </ClInclude>
    <ClInclude Include="Widgets\IconButton.h">
      <Filter>Header Files</Filter>
    </ClInclude>
    <ClInclude Include="Widgets\StylePickerWidget.h">
      <Filter>Header Files</Filter>
    </ClInclude>
    <ClInclude Include="Chatbot\Commands\Mod\CommandStrip.h">
      <Filter>Header Files</Filter>
    </ClInclude>
    <ClInclude Include="GuestDevice.h">
      <Filter>Header Files</Filter>
    </ClInclude>
    <ClInclude Include="Widgets\TitleTooltipWidget.h">
      <Filter>Header Files</Filter>
    </ClInclude>
    <ClInclude Include="Widgets\IntRangeWidget.h">
      <Filter>Header Files</Filter>
    </ClInclude>
    <ClInclude Include="Widgets\BoolButtonWidget.h">
      <Filter>Header Files</Filter>
    </ClInclude>
    <ClInclude Include="Widgets\AudioControlWidget.h">
      <Filter>Header Files</Filter>
    </ClInclude>
    <ClInclude Include="AudioTools.h">
      <Filter>Header Files</Filter>
    </ClInclude>
    <ClInclude Include="Lists\SFXList.h">
      <Filter>Header Files</Filter>
    </ClInclude>
    <ClInclude Include="Chatbot\Commands\Guest\CommandSFX.h">
      <Filter>Header Files</Filter>
    </ClInclude>
    <ClInclude Include="Widgets\NavBar.h">
      <Filter>Header Files</Filter>
    </ClInclude>
    <ClInclude Include="Widgets\LoginWidget.h">
      <Filter>Header Files</Filter>
    </ClInclude>
    <ClInclude Include="Widgets\LoadingRingWidget.h">
      <Filter>Header Files</Filter>
    </ClInclude>
    <ClInclude Include="Widgets\AlertWidget.h">
      <Filter>Header Files</Filter>
    </ClInclude>
    <ClInclude Include="Widgets\AudioSettingsWidget.h">
      <Filter>Header Files</Filter>
    </ClInclude>
    <ClInclude Include="Chatbot\Commands\Mod\CommandOne.h">
      <Filter>Header Files</Filter>
    </ClInclude>
    <ClInclude Include="GuestDataList.h">
      <Filter>Header Files</Filter>
    </ClInclude>
    <ClInclude Include="Widgets\HostInfoWidget.h">
      <Filter>Header Files</Filter>
    </ClInclude>
    <ClInclude Include="Lists\TierList.h">
      <Filter>Header Files</Filter>
    </ClInclude>
    <ClInclude Include="Tier.h">
      <Filter>Header Files</Filter>
    </ClInclude>
    <ClInclude Include="GuestTier.h">
      <Filter>Header Files</Filter>
    </ClInclude>
    <ClInclude Include="Frequency.h">
      <Filter>Header Files</Filter>
    </ClInclude>
    <ClInclude Include="Widgets\InfoWidget.h">
      <Filter>Header Files</Filter>
    </ClInclude>
    <ClInclude Include="Widgets\VersionWidget.h">
      <Filter>Header Files</Filter>
    </ClInclude>
    <ClInclude Include="Widgets\VideoWidget.h">
      <Filter>Header Files</Filter>
    </ClInclude>
    <ClInclude Include="CompilerDirectives.h">
      <Filter>Header Files</Filter>
    </ClInclude>
    <ClInclude Include="Helpers\Stopwatch.h">
      <Filter>Header Files</Filter>
    </ClInclude>
    <ClInclude Include="Helpers\Debouncer.h">
      <Filter>Header Files</Filter>
    </ClInclude>
    <ClInclude Include="Widgets\AnimatedGamepadWidget.h">
      <Filter>Header Files</Filter>
    </ClInclude>
    <ClInclude Include="Helpers\Clock.h">
      <Filter>Header Files</Filter>
    </ClInclude>
    <ClInclude Include="Widgets\ProgressCircularWidget.h">
      <Filter>Header Files</Filter>
    </ClInclude>
    <ClInclude Include="Widgets\Vec2.h">
      <Filter>Header Files</Filter>
    </ClInclude>
    <ClInclude Include="Helpers\Timespan.h">
      <Filter>Header Files</Filter>
    </ClInclude>
    <ClInclude Include="Widgets\MasterOfPuppetsWidget.h">
      <Filter>Header Files</Filter>
    </ClInclude>
    <ClInclude Include="XInputReader.h">
      <Filter>Header Files</Filter>
    </ClInclude>
    <ClInclude Include="IGamepadReader.h">
      <Filter>Header Files</Filter>
    </ClInclude>
    <ClInclude Include="GamepadState.h">
      <Filter>Header Files</Filter>
    </ClInclude>
    <ClInclude Include="SDLGamepadReader.h">
      <Filter>Header Files</Filter>
    </ClInclude>
    <ClInclude Include="SDLGamepad.h">
      <Filter>Header Files</Filter>
    </ClInclude>
    <ClInclude Include="MasterOfPuppets.h">
      <Filter>Header Files</Filter>
    </ClInclude>
    <ClInclude Include="Widgets\VirtualGamepadWidget.h">
      <Filter>Header Files</Filter>
    </ClInclude>
    <ClInclude Include="DualshockGamepad.h">
      <Filter>Header Files</Filter>
    </ClInclude>
    <ClInclude Include="XBoxGamepad.h">
      <Filter>Header Files</Filter>
    </ClInclude>
    <ClInclude Include="Widgets\PopupWidgetEdit.h">
      <Filter>Header Files</Filter>
    </ClInclude>
    <ClInclude Include="Widgets\SettingsWidget.h">
      <Filter>Header Files</Filter>
    </ClInclude>
    <ClInclude Include="Widgets\ButtonLockWidget.h">
      <Filter>Header Files</Filter>
    </ClInclude>
    <ClInclude Include="ButtonLock.h">
      <Filter>Header Files</Filter>
    </ClInclude>
    <ClInclude Include="Chatbot\Commands\God\CommandMod.h">
      <Filter>Header Files</Filter>
    </ClInclude>
    <ClInclude Include="Lists\ModList.h">
      <Filter>Header Files</Filter>
    </ClInclude>
    <ClInclude Include="Chatbot\Commands\Guest\CommandBB.h">
      <Filter>Header Files</Filter>
    </ClInclude>
    <ClInclude Include="Helpers\TimeT.h">
      <Filter>Header Files</Filter>
    </ClInclude>
    <ClInclude Include="Chatbot\Commands\Guest\CommandPing.h">
      <Filter>Header Files</Filter>
    </ClInclude>
    <ClInclude Include="Chatbot\Commands\God\CommandUnmod.h">
      <Filter>Header Files</Filter>
    </ClInclude>
    <ClInclude Include="Chatbot\Commands\Guest\CommandSpectate.h">
      <Filter>Header Files</Filter>
    </ClInclude>
    <ClInclude Include="Chatbot\Commands\Mod\CommandRestart.h">
      <Filter>Header Files</Filter>
    </ClInclude>
    <ClInclude Include="Chatbot\Commands\Guest\CommandDiscord.h">
      <Filter>Header Files</Filter>
    </ClInclude>
    <ClInclude Include="Chatbot\Commands\Mod\CommandExtend.h">
      <Filter>Header Files</Filter>
    </ClInclude>
    <ClInclude Include="Chatbot\Commands\Mod\CommandHotseat.h">
      <Filter>Header Files</Filter>
    </ClInclude>
    <ClInclude Include="Chatbot\Commands\Guest\CommandFortune.h">
      <Filter>Header Files</Filter>
    </ClInclude>
    <ClInclude Include="Chatbot\Commands\Mod\CommandMute.h">
      <Filter>Header Files</Filter>
    </ClInclude>
    <ClInclude Include="Chatbot\Commands\Mod\CommandDecrease.h">
      <Filter>Header Files</Filter>
    </ClInclude>
    <ClInclude Include="ImGui\imform.h">
      <Filter>Header Files</Filter>
    </ClInclude>
    <ClInclude Include="Widgets\LibraryWidget.h">
      <Filter>Header Files</Filter>
    </ClInclude>
    <ClInclude Include="GameData.h">
      <Filter>Header Files</Filter>
    </ClInclude>
    <ClInclude Include="Lists\GameDataList.h">
      <Filter>Header Files</Filter>
    </ClInclude>
    <ClInclude Include="Lists\VIPList.h">
      <Filter>Header Files</Filter>
    </ClInclude>
    <ClInclude Include="Chatbot\Commands\God\CommandVIP.h">
      <Filter>Header Files</Filter>
    </ClInclude>
    <ClInclude Include="Chatbot\Commands\God\CommandUnVIP.h">
      <Filter>Header Files</Filter>
    </ClInclude>
    <ClInclude Include="controllers\Hotseat.h">
      <Filter>Header Files</Filter>
    </ClInclude>
    <ClInclude Include="controllers\Macro.h">
      <Filter>Header Files</Filter>
    </ClInclude>
    <ClInclude Include="Chatbot\Commands\Mod\CommandLock.h">
      <Filter>Header Files</Filter>
    </ClInclude>
    <ClInclude Include="Chatbot\Commands\Mod\CommandLockAll.h">
      <Filter>Header Files</Filter>
    </ClInclude>
    <ClInclude Include="Chatbot\Commands\God\CommandAddXbox.h">
      <Filter>Header Files</Filter>
    </ClInclude>
    <ClInclude Include="Chatbot\Commands\Mod\CommandRC.h">
      <Filter>Header Files</Filter>
    </ClInclude>
    <ClInclude Include="Chatbot\Commands\God\CommandAddPS.h">
      <Filter>Header Files</Filter>
    </ClInclude>
    <ClInclude Include="Chatbot\Commands\Guest\CommandTriangle.h">
      <Filter>Header Files</Filter>
    </ClInclude>
    <ClInclude Include="Widgets\OverlayWidget.h">
      <Filter>Header Files</Filter>
    </ClInclude>
    <ClInclude Include="controllers\ProcessMan.h">
      <Filter>Header Files</Filter>
    </ClInclude>
    <ClInclude Include="Widgets\HotseatWidget.h">
      <Filter>Header Files</Filter>
    </ClInclude>
    <ClInclude Include="Widgets\KeyboardMapWidget.h">
      <Filter>Header Files</Filter>
    </ClInclude>
    <ClInclude Include="KeyboardMapsUtil.h">
      <Filter>Header Files</Filter>
    </ClInclude>
    <ClInclude Include="Core\Config.h">
      <Filter>Header Files</Filter>
    </ClInclude>
    <ClInclude Include="Chatbot\Commands\Guest\CommandKeyboard.h">
      <Filter>Header Files</Filter>
    </ClInclude>
    <ClInclude Include="Chatbot\Commands\Guest\CommandRPG.h">
      <Filter>Header Files</Filter>
    </ClInclude>
    <ClInclude Include="Chatbot\Commands\CommandTemplate.h">
      <Filter>Header Files</Filter>
    </ClInclude>
    <ClInclude Include="Chatbot\Commands\Guest\CommandRollCall.h">
      <Filter>Header Files</Filter>
    </ClInclude>
    <ClInclude Include="Chatbot\Commands\Mod\CommandStripAll.h">
      <Filter>Header Files</Filter>
    </ClInclude>
    <ClInclude Include="controllers\AutoMod.h">
      <Filter>Header Files</Filter>
    </ClInclude>
    <ClInclude Include="Chatbot\Commands\Mod\CommandUnmute.h">
      <Filter>Header Files</Filter>
    </ClInclude>
    <ClInclude Include="Helpers\StopwatchTimer.h">
      <Filter>Header Files</Filter>
    </ClInclude>
    <ClInclude Include="controllers\Arcade.h">
      <Filter>Header Files</Filter>
    </ClInclude>
    <ClInclude Include="Chatbot\Commands\Mod\CommandCooldown.h">
      <Filter>Header Files</Filter>
    </ClInclude>
    <ClInclude Include="Chatbot\Commands\Mod\CommandVerify.h">
      <Filter>Header Files</Filter>
    </ClInclude>
    <ClInclude Include="Lists\VerifiedList.h">
      <Filter>Header Files</Filter>
    </ClInclude>
    <ClInclude Include="Core\Cache.h">
      <Filter>Header Files</Filter>
    </ClInclude>
    <ClInclude Include="Helpers\PathHelper.h">
      <Filter>Header Files</Filter>
    </ClInclude>
    <ClInclude Include="Chatbot\Commands\CommandBotMessage.h">
      <Filter>Header Files</Filter>
    </ClInclude>
    <ClInclude Include="Chatbot\Commands\CommandDefaultMessage.h">
      <Filter>Header Files</Filter>
    </ClInclude>
    <ClInclude Include="Helpers\Countries.h">
      <Filter>Header Files</Filter>
    </ClInclude>
    <ClInclude Include="Chatbot\Commands\God\CommandVersion.h">
      <Filter>Header Files</Filter>
    </ClInclude>
    <ClInclude Include="controllers\WebSocket.h">
      <Filter>Header Files</Filter>
    </ClInclude>
    <ClInclude Include="Chatbot\Commands\Mod\CommandDCAll.h">
      <Filter>Header Files</Filter>
    </ClInclude>
    <ClInclude Include="Chatbot\ChatBotCustom.h">
      <Filter>Header Files</Filter>
    </ClInclude>
    <ClInclude Include="Chatbot\Commands\Mod\CommandUnbanLastIP.h">
      <Filter>Header Files</Filter>
    </ClInclude>
    <ClInclude Include="AudioSource.h">
      <Filter>Header Files</Filter>
    </ClInclude>
    <ClInclude Include="ImGui\implot.h">
      <Filter>Header Files</Filter>
    </ClInclude>
    <ClInclude Include="ImGui\implot_internal.h">
      <Filter>Header Files</Filter>
    </ClInclude>
    <ClInclude Include="Helpers\Keymap.h">
      <Filter>Header Files</Filter>
    </ClInclude>
    <ClInclude Include="Chatbot\Commands\Mod\CommandUnban.h">
      <Filter>Header Files</Filter>
    </ClInclude>
    <ClInclude Include="Chatbot\Commands\Guest\CommandFF.h">
      <Filter>Header Files</Filter>
    </ClInclude>
    <ClInclude Include="Chatbot\Commands\Mod\CommandKick.h">
      <Filter>Header Files</Filter>
    </ClInclude>
    <ClInclude Include="Chatbot\Commands\Mod\CommandDC.h">
      <Filter>Header Files</Filter>
    </ClInclude>
    <ClInclude Include="Chatbot\Commands\Guest\Command8Ball.h">
      <Filter>Header Files</Filter>
    </ClInclude>
    <ClInclude Include="Models\CommandInfo.h">
      <Filter>Header Files</Filter>
    </ClInclude>
    <ClInclude Include="Widgets\DeveloperWidget.h">
      <Filter>Header Files</Filter>
    </ClInclude>
    <ClInclude Include="Chatbot\Commands\Mod\CommandWarmup.h">
      <Filter>Header Files</Filter>
    </ClInclude>
    <ClInclude Include="widgets\Widget.h">
      <Filter>Header Files</Filter>
    </ClInclude>
    <ClInclude Include="widgets\BackgroundWidget.h">
      <Filter>Header Files</Filter>
    </ClInclude>
    <ClInclude Include="structs\IPRangeStruct.h">
      <Filter>Header Files</Filter>
    </ClInclude>
    <ClInclude Include="widgets\StreamingWidget.h">
      <Filter>Header Files</Filter>
    </ClInclude>
    <ClInclude Include="controllers\StreamHandler.h">
      <Filter>Header Files</Filter>
    </ClInclude>
  </ItemGroup>
  <ItemGroup>
    <ResourceCompile Include="Resource.rc">
      <Filter>Resource Files</Filter>
    </ResourceCompile>
  </ItemGroup>
  <ItemGroup>
    <Image Include="icon1.ico">
      <Filter>Resource Files</Filter>
    </Image>
    <Image Include="icon.ico">
      <Filter>Resource Files</Filter>
    </Image>
    <Image Include="icon2.ico">
      <Filter>Resource Files</Filter>
    </Image>
    <Image Include="..\x64\Debug\icon.ico">
      <Filter>Resource Files</Filter>
    </Image>
  </ItemGroup>
</Project>